
Microsoft Visual Studio Solution File, Format Version 12.00
# Visual Studio Version 17
VisualStudioVersion = 17.0.31912.275
MinimumVisualStudioVersion = 10.0.40219.1
Project("{2150E333-8FDC-42A3-9474-1A3956D46DE8}") = "Services", "Services", "{C68130C0-BACE-46B6-ACA9-05016B914529}"
EndProject
Project("{2150E333-8FDC-42A3-9474-1A3956D46DE8}") = "Catalog", "Catalog", "{DF657806-D129-4556-94D5-1375BFAAF898}"
EndProject
Project("{9A19103F-16F7-4668-BE54-9A1E7A4F7556}") = "Catalog.Api", "Services\Catalog\Catalog.Api\Catalog.Api.csproj", "{7DD5B823-D9BD-42A4-BBB2-A8B02AE8E731}"
EndProject
Project("{2150E333-8FDC-42A3-9474-1A3956D46DE8}") = "SolutionFiles", "SolutionFiles", "{6F6BE361-283E-4414-91D1-74B91CDB029A}"
	ProjectSection(SolutionItems) = preProject
		..\.gitignore = ..\.gitignore
		..\LICENSE = ..\LICENSE
		..\README.md = ..\README.md
	EndProjectSection
EndProject
Project("{2150E333-8FDC-42A3-9474-1A3956D46DE8}") = "Solution Items", "Solution Items", "{87CFDAFF-7D93-44BC-84FA-C5CE586BAE5F}"
	ProjectSection(SolutionItems) = preProject
		.editorconfig = .editorconfig
	EndProjectSection
EndProject
Project("{E53339B2-1760-4266-BCC7-CA923CBCF16C}") = "docker-compose", "docker-compose.dcproj", "{DAF4EA5A-97C9-43F1-9BCD-2ED3E1E0E0E4}"
EndProject
Project("{9A19103F-16F7-4668-BE54-9A1E7A4F7556}") = "Catalog.Api.Tests", "Services\Catalog\Catalog.Api.Tests\Catalog.Api.Tests.csproj", "{3CDEA717-1F32-4E0B-A684-53B0A09CA7EB}"
EndProject
Project("{2150E333-8FDC-42A3-9474-1A3956D46DE8}") = "Basket", "Basket", "{C3C5FF13-F1F8-4D2B-AAC0-F1A69E9B7A72}"
EndProject
Project("{9A19103F-16F7-4668-BE54-9A1E7A4F7556}") = "Basket.Api", "Services\Basket\Basket.Api\Basket.Api.csproj", "{95CF3ED4-73F7-453E-9721-85A587FDEF39}"
EndProject
Project("{9A19103F-16F7-4668-BE54-9A1E7A4F7556}") = "Basket.Api.Tests", "Services\Basket\Basket.Api.Tests\Basket.Api.Tests.csproj", "{AD78E0F3-3022-4DFB-8F06-5B64992D5D10}"
EndProject
Project("{2150E333-8FDC-42A3-9474-1A3956D46DE8}") = "Discount", "Discount", "{0D971E94-8B1F-4E0C-AF54-527181522CE6}"
EndProject
Project("{9A19103F-16F7-4668-BE54-9A1E7A4F7556}") = "Discount.Api", "Services\Discount\Discount.Api\Discount.Api.csproj", "{BF1CB1F7-C317-44FA-AE30-230A62C058F8}"
EndProject
Project("{FAE04EC0-301F-11D3-BF4B-00C04F79EFBC}") = "Discount.Grpc", "Services\Discount\Discount.Grpc\Discount.Grpc.csproj", "{A49C4774-6271-4085-A87D-7ECFB9F26DE7}"
EndProject
Global
	GlobalSection(SolutionConfigurationPlatforms) = preSolution
		Debug|Any CPU = Debug|Any CPU
		Release|Any CPU = Release|Any CPU
	EndGlobalSection
	GlobalSection(ProjectConfigurationPlatforms) = postSolution
		{7DD5B823-D9BD-42A4-BBB2-A8B02AE8E731}.Debug|Any CPU.ActiveCfg = Debug|Any CPU
		{7DD5B823-D9BD-42A4-BBB2-A8B02AE8E731}.Debug|Any CPU.Build.0 = Debug|Any CPU
		{7DD5B823-D9BD-42A4-BBB2-A8B02AE8E731}.Release|Any CPU.ActiveCfg = Release|Any CPU
		{7DD5B823-D9BD-42A4-BBB2-A8B02AE8E731}.Release|Any CPU.Build.0 = Release|Any CPU
		{DAF4EA5A-97C9-43F1-9BCD-2ED3E1E0E0E4}.Debug|Any CPU.ActiveCfg = Debug|Any CPU
		{DAF4EA5A-97C9-43F1-9BCD-2ED3E1E0E0E4}.Debug|Any CPU.Build.0 = Debug|Any CPU
		{DAF4EA5A-97C9-43F1-9BCD-2ED3E1E0E0E4}.Release|Any CPU.ActiveCfg = Release|Any CPU
		{DAF4EA5A-97C9-43F1-9BCD-2ED3E1E0E0E4}.Release|Any CPU.Build.0 = Release|Any CPU
		{3CDEA717-1F32-4E0B-A684-53B0A09CA7EB}.Debug|Any CPU.ActiveCfg = Debug|Any CPU
		{3CDEA717-1F32-4E0B-A684-53B0A09CA7EB}.Debug|Any CPU.Build.0 = Debug|Any CPU
		{3CDEA717-1F32-4E0B-A684-53B0A09CA7EB}.Release|Any CPU.ActiveCfg = Release|Any CPU
		{3CDEA717-1F32-4E0B-A684-53B0A09CA7EB}.Release|Any CPU.Build.0 = Release|Any CPU
		{95CF3ED4-73F7-453E-9721-85A587FDEF39}.Debug|Any CPU.ActiveCfg = Debug|Any CPU
		{95CF3ED4-73F7-453E-9721-85A587FDEF39}.Debug|Any CPU.Build.0 = Debug|Any CPU
		{95CF3ED4-73F7-453E-9721-85A587FDEF39}.Release|Any CPU.ActiveCfg = Release|Any CPU
		{95CF3ED4-73F7-453E-9721-85A587FDEF39}.Release|Any CPU.Build.0 = Release|Any CPU
		{AD78E0F3-3022-4DFB-8F06-5B64992D5D10}.Debug|Any CPU.ActiveCfg = Debug|Any CPU
		{AD78E0F3-3022-4DFB-8F06-5B64992D5D10}.Debug|Any CPU.Build.0 = Debug|Any CPU
		{AD78E0F3-3022-4DFB-8F06-5B64992D5D10}.Release|Any CPU.ActiveCfg = Release|Any CPU
		{AD78E0F3-3022-4DFB-8F06-5B64992D5D10}.Release|Any CPU.Build.0 = Release|Any CPU
		{BF1CB1F7-C317-44FA-AE30-230A62C058F8}.Debug|Any CPU.ActiveCfg = Debug|Any CPU
		{BF1CB1F7-C317-44FA-AE30-230A62C058F8}.Debug|Any CPU.Build.0 = Debug|Any CPU
		{BF1CB1F7-C317-44FA-AE30-230A62C058F8}.Release|Any CPU.ActiveCfg = Release|Any CPU
		{BF1CB1F7-C317-44FA-AE30-230A62C058F8}.Release|Any CPU.Build.0 = Release|Any CPU
		{A49C4774-6271-4085-A87D-7ECFB9F26DE7}.Debug|Any CPU.ActiveCfg = Debug|Any CPU
		{A49C4774-6271-4085-A87D-7ECFB9F26DE7}.Debug|Any CPU.Build.0 = Debug|Any CPU
		{A49C4774-6271-4085-A87D-7ECFB9F26DE7}.Release|Any CPU.ActiveCfg = Release|Any CPU
		{A49C4774-6271-4085-A87D-7ECFB9F26DE7}.Release|Any CPU.Build.0 = Release|Any CPU
	EndGlobalSection
	GlobalSection(SolutionProperties) = preSolution
		HideSolutionNode = FALSE
	EndGlobalSection
	GlobalSection(NestedProjects) = preSolution
		{DF657806-D129-4556-94D5-1375BFAAF898} = {C68130C0-BACE-46B6-ACA9-05016B914529}
		{7DD5B823-D9BD-42A4-BBB2-A8B02AE8E731} = {DF657806-D129-4556-94D5-1375BFAAF898}
		{3CDEA717-1F32-4E0B-A684-53B0A09CA7EB} = {DF657806-D129-4556-94D5-1375BFAAF898}
		{C3C5FF13-F1F8-4D2B-AAC0-F1A69E9B7A72} = {C68130C0-BACE-46B6-ACA9-05016B914529}
		{95CF3ED4-73F7-453E-9721-85A587FDEF39} = {C3C5FF13-F1F8-4D2B-AAC0-F1A69E9B7A72}
		{AD78E0F3-3022-4DFB-8F06-5B64992D5D10} = {C3C5FF13-F1F8-4D2B-AAC0-F1A69E9B7A72}
		{0D971E94-8B1F-4E0C-AF54-527181522CE6} = {C68130C0-BACE-46B6-ACA9-05016B914529}
		{BF1CB1F7-C317-44FA-AE30-230A62C058F8} = {0D971E94-8B1F-4E0C-AF54-527181522CE6}
		{A49C4774-6271-4085-A87D-7ECFB9F26DE7} = {0D971E94-8B1F-4E0C-AF54-527181522CE6}
	EndGlobalSection
	GlobalSection(ExtensibilityGlobals) = postSolution
		SolutionGuid = {9C43F2F4-07A0-4395-B2E8-2ACE18B4190C}
	EndGlobalSection
EndGlobal
